
Microsoft Visual Studio Solution File, Format Version 11.00
# Visual Studio 2010
Project("{FAE04EC0-301F-11D3-BF4B-00C04F79EFBC}") = "VideoFileReaderTest", "VideoFileReaderTest\VideoFileReaderTest.csproj", "{E639865C-3340-4F52-A539-FF72978CE288}"
EndProject
Project("{FAE04EC0-301F-11D3-BF4B-00C04F79EFBC}") = "HSVTest", "HSVTest\HSVTest.csproj", "{00E01E22-F015-4FC9-BAE0-1D732FA99D0A}"
EndProject
Global
	GlobalSection(SolutionConfigurationPlatforms) = preSolution
		Debug|x86 = Debug|x86
		Release|x86 = Release|x86
	EndGlobalSection
	GlobalSection(ProjectConfigurationPlatforms) = postSolution
		{E639865C-3340-4F52-A539-FF72978CE288}.Debug|x86.ActiveCfg = Debug|x86
		{E639865C-3340-4F52-A539-FF72978CE288}.Debug|x86.Build.0 = Debug|x86
		{E639865C-3340-4F52-A539-FF72978CE288}.Release|x86.ActiveCfg = Release|x86
		{E639865C-3340-4F52-A539-FF72978CE288}.Release|x86.Build.0 = Release|x86
		{00E01E22-F015-4FC9-BAE0-1D732FA99D0A}.Debug|x86.ActiveCfg = Debug|x86
		{00E01E22-F015-4FC9-BAE0-1D732FA99D0A}.Debug|x86.Build.0 = Debug|x86
		{00E01E22-F015-4FC9-BAE0-1D732FA99D0A}.Release|x86.ActiveCfg = Release|x86
		{00E01E22-F015-4FC9-BAE0-1D732FA99D0A}.Release|x86.Build.0 = Release|x86
	EndGlobalSection
	GlobalSection(SolutionProperties) = preSolution
		HideSolutionNode = FALSE
	EndGlobalSection
EndGlobal
